
Microsoft Visual Studio Solution File, Format Version 12.00
# Visual Studio Version 17
VisualStudioVersion = 17.13.35931.197 d17.13
MinimumVisualStudioVersion = 10.0.40219.1
Project("{FAE04EC0-301F-11D3-BF4B-00C04F79EFBC}") = "OnlineShoppingApp", "OnlineShoppingApp.csproj", "{7CB35E62-9AC7-4A28-AADA-E697AB9407DA}"
EndProject
Global
	GlobalSection(SolutionConfigurationPlatforms) = preSolution
		Debug|Any CPU = Debug|Any CPU
		Release|Any CPU = Release|Any CPU
	EndGlobalSection
	GlobalSection(ProjectConfigurationPlatforms) = postSolution
		{7CB35E62-9AC7-4A28-AADA-E697AB9407DA}.Debug|Any CPU.ActiveCfg = Debug|Any CPU
		{7CB35E62-9AC7-4A28-AADA-E697AB9407DA}.Debug|Any CPU.Build.0 = Debug|Any CPU
		{7CB35E62-9AC7-4A28-AADA-E697AB9407DA}.Release|Any CPU.ActiveCfg = Release|Any CPU
		{7CB35E62-9AC7-4A28-AADA-E697AB9407DA}.Release|Any CPU.Build.0 = Release|Any CPU
	EndGlobalSection
	GlobalSection(SolutionProperties) = preSolution
		HideSolutionNode = FALSE
	EndGlobalSection
	GlobalSection(ExtensibilityGlobals) = postSolution
		SolutionGuid = {BBC2755A-71F6-4CF6-95B2-F224A84D01F3}
	EndGlobalSection
EndGlobal
